
Microsoft Visual Studio Solution File, Format Version 12.00
# Visual Studio Version 17
VisualStudioVersion = 17.9.34714.143
MinimumVisualStudioVersion = 10.0.40219.1
Project("{9A19103F-16F7-4668-BE54-9A1E7A4F7556}") = "FileService", "FileService\FileService.csproj", "{01A02246-E59F-4DD2-9AE9-5C7C5B76CA5A}"
EndProject
Project("{FAE04EC0-301F-11D3-BF4B-00C04F79EFBC}") = "FileService.Tests", "FileService.Tests\FileService.Tests.csproj", "{76A3C4B3-23DA-44C3-AD72-0A289B605672}"
EndProject
Global
	GlobalSection(SolutionConfigurationPlatforms) = preSolution
		Debug|Any CPU = Debug|Any CPU
		Release|Any CPU = Release|Any CPU
	EndGlobalSection
	GlobalSection(ProjectConfigurationPlatforms) = postSolution
		{01A02246-E59F-4DD2-9AE9-5C7C5B76CA5A}.Debug|Any CPU.ActiveCfg = Debug|Any CPU
		{01A02246-E59F-4DD2-9AE9-5C7C5B76CA5A}.Debug|Any CPU.Build.0 = Debug|Any CPU
		{01A02246-E59F-4DD2-9AE9-5C7C5B76CA5A}.Release|Any CPU.ActiveCfg = Release|Any CPU
		{01A02246-E59F-4DD2-9AE9-5C7C5B76CA5A}.Release|Any CPU.Build.0 = Release|Any CPU
		{76A3C4B3-23DA-44C3-AD72-0A289B605672}.Debug|Any CPU.ActiveCfg = Debug|Any CPU
		{76A3C4B3-23DA-44C3-AD72-0A289B605672}.Debug|Any CPU.Build.0 = Debug|Any CPU
		{76A3C4B3-23DA-44C3-AD72-0A289B605672}.Release|Any CPU.ActiveCfg = Release|Any CPU
		{76A3C4B3-23DA-44C3-AD72-0A289B605672}.Release|Any CPU.Build.0 = Release|Any CPU
	EndGlobalSection
	GlobalSection(SolutionProperties) = preSolution
		HideSolutionNode = FALSE
	EndGlobalSection
	GlobalSection(ExtensibilityGlobals) = postSolution
		SolutionGuid = {8EF426E3-2AD2-4F93-BAC5-86359C379DC5}
	EndGlobalSection
EndGlobal
